
Microsoft Visual Studio Solution File, Format Version 12.00
# Visual Studio Version 17
VisualStudioVersion = 17.8.34322.80
MinimumVisualStudioVersion = 10.0.40219.1
Project("{FAE04EC0-301F-11D3-BF4B-00C04F79EFBC}") = "Away.Windows", "Away.Windows.csproj", "{B1B019A2-A459-4284-8EDF-D2575DE2E3D4}"
EndProject
Global
	GlobalSection(SolutionConfigurationPlatforms) = preSolution
		Debug|Any CPU = Debug|Any CPU
		Release|Any CPU = Release|Any CPU
	EndGlobalSection
	GlobalSection(ProjectConfigurationPlatforms) = postSolution
		{B1B019A2-A459-4284-8EDF-D2575DE2E3D4}.Debug|Any CPU.ActiveCfg = Debug|Any CPU
		{B1B019A2-A459-4284-8EDF-D2575DE2E3D4}.Debug|Any CPU.Build.0 = Debug|Any CPU
		{B1B019A2-A459-4284-8EDF-D2575DE2E3D4}.Release|Any CPU.ActiveCfg = Release|Any CPU
		{B1B019A2-A459-4284-8EDF-D2575DE2E3D4}.Release|Any CPU.Build.0 = Release|Any CPU
	EndGlobalSection
	GlobalSection(SolutionProperties) = preSolution
		HideSolutionNode = FALSE
	EndGlobalSection
	GlobalSection(ExtensibilityGlobals) = postSolution
		SolutionGuid = {6A7BF445-397C-4FD0-99ED-F4C3645A7EA9}
	EndGlobalSection
EndGlobal
