
Microsoft Visual Studio Solution File, Format Version 12.00
# Visual Studio Version 17
VisualStudioVersion = 17.8.34322.80
MinimumVisualStudioVersion = 10.0.40219.1
Project("{9A19103F-16F7-4668-BE54-9A1E7A4F7556}") = "Window2", "Window2\Window2.csproj", "{7C8A9A1B-11F2-48DB-9CC5-1C9C2443BA33}"
EndProject
Project("{9A19103F-16F7-4668-BE54-9A1E7A4F7556}") = "Windows1", "Window1\Windows1.csproj", "{2BC60B8C-3B1F-49F4-AD87-36585AD85FD5}"
EndProject
Project("{FAE04EC0-301F-11D3-BF4B-00C04F79EFBC}") = "Window3", "Window3\Window3.csproj", "{84A80352-2625-4450-BAE6-021F17F30A36}"
EndProject
Global
	GlobalSection(SolutionConfigurationPlatforms) = preSolution
		Debug|Any CPU = Debug|Any CPU
		Debug|x64 = Debug|x64
		Debug|x86 = Debug|x86
		Release|Any CPU = Release|Any CPU
		Release|x64 = Release|x64
		Release|x86 = Release|x86
	EndGlobalSection
	GlobalSection(ProjectConfigurationPlatforms) = postSolution
		{7C8A9A1B-11F2-48DB-9CC5-1C9C2443BA33}.Debug|Any CPU.ActiveCfg = Debug|Any CPU
		{7C8A9A1B-11F2-48DB-9CC5-1C9C2443BA33}.Debug|Any CPU.Build.0 = Debug|Any CPU
		{7C8A9A1B-11F2-48DB-9CC5-1C9C2443BA33}.Debug|x64.ActiveCfg = Debug|Any CPU
		{7C8A9A1B-11F2-48DB-9CC5-1C9C2443BA33}.Debug|x64.Build.0 = Debug|Any CPU
		{7C8A9A1B-11F2-48DB-9CC5-1C9C2443BA33}.Debug|x86.ActiveCfg = Debug|Any CPU
		{7C8A9A1B-11F2-48DB-9CC5-1C9C2443BA33}.Debug|x86.Build.0 = Debug|Any CPU
		{7C8A9A1B-11F2-48DB-9CC5-1C9C2443BA33}.Release|Any CPU.ActiveCfg = Release|Any CPU
		{7C8A9A1B-11F2-48DB-9CC5-1C9C2443BA33}.Release|Any CPU.Build.0 = Release|Any CPU
		{7C8A9A1B-11F2-48DB-9CC5-1C9C2443BA33}.Release|x64.ActiveCfg = Release|Any CPU
		{7C8A9A1B-11F2-48DB-9CC5-1C9C2443BA33}.Release|x64.Build.0 = Release|Any CPU
		{7C8A9A1B-11F2-48DB-9CC5-1C9C2443BA33}.Release|x86.ActiveCfg = Release|Any CPU
		{7C8A9A1B-11F2-48DB-9CC5-1C9C2443BA33}.Release|x86.Build.0 = Release|Any CPU
		{2BC60B8C-3B1F-49F4-AD87-36585AD85FD5}.Debug|Any CPU.ActiveCfg = Debug|Any CPU
		{2BC60B8C-3B1F-49F4-AD87-36585AD85FD5}.Debug|Any CPU.Build.0 = Debug|Any CPU
		{2BC60B8C-3B1F-49F4-AD87-36585AD85FD5}.Debug|x64.ActiveCfg = Debug|Any CPU
		{2BC60B8C-3B1F-49F4-AD87-36585AD85FD5}.Debug|x64.Build.0 = Debug|Any CPU
		{2BC60B8C-3B1F-49F4-AD87-36585AD85FD5}.Debug|x86.ActiveCfg = Debug|Any CPU
		{2BC60B8C-3B1F-49F4-AD87-36585AD85FD5}.Debug|x86.Build.0 = Debug|Any CPU
		{2BC60B8C-3B1F-49F4-AD87-36585AD85FD5}.Release|Any CPU.ActiveCfg = Release|Any CPU
		{2BC60B8C-3B1F-49F4-AD87-36585AD85FD5}.Release|Any CPU.Build.0 = Release|Any CPU
		{2BC60B8C-3B1F-49F4-AD87-36585AD85FD5}.Release|x64.ActiveCfg = Release|Any CPU
		{2BC60B8C-3B1F-49F4-AD87-36585AD85FD5}.Release|x64.Build.0 = Release|Any CPU
		{2BC60B8C-3B1F-49F4-AD87-36585AD85FD5}.Release|x86.ActiveCfg = Release|Any CPU
		{2BC60B8C-3B1F-49F4-AD87-36585AD85FD5}.Release|x86.Build.0 = Release|Any CPU
		{84A80352-2625-4450-BAE6-021F17F30A36}.Debug|Any CPU.ActiveCfg = Debug|Any CPU
		{84A80352-2625-4450-BAE6-021F17F30A36}.Debug|Any CPU.Build.0 = Debug|Any CPU
		{84A80352-2625-4450-BAE6-021F17F30A36}.Debug|x64.ActiveCfg = Debug|Any CPU
		{84A80352-2625-4450-BAE6-021F17F30A36}.Debug|x64.Build.0 = Debug|Any CPU
		{84A80352-2625-4450-BAE6-021F17F30A36}.Debug|x86.ActiveCfg = Debug|Any CPU
		{84A80352-2625-4450-BAE6-021F17F30A36}.Debug|x86.Build.0 = Debug|Any CPU
		{84A80352-2625-4450-BAE6-021F17F30A36}.Release|Any CPU.ActiveCfg = Release|Any CPU
		{84A80352-2625-4450-BAE6-021F17F30A36}.Release|Any CPU.Build.0 = Release|Any CPU
		{84A80352-2625-4450-BAE6-021F17F30A36}.Release|x64.ActiveCfg = Release|Any CPU
		{84A80352-2625-4450-BAE6-021F17F30A36}.Release|x64.Build.0 = Release|Any CPU
		{84A80352-2625-4450-BAE6-021F17F30A36}.Release|x86.ActiveCfg = Release|Any CPU
		{84A80352-2625-4450-BAE6-021F17F30A36}.Release|x86.Build.0 = Release|Any CPU
	EndGlobalSection
	GlobalSection(SolutionProperties) = preSolution
		HideSolutionNode = FALSE
	EndGlobalSection
	GlobalSection(ExtensibilityGlobals) = postSolution
		SolutionGuid = {6A7BF445-397C-4FD0-99ED-F4C3645A7EA9}
	EndGlobalSection
EndGlobal
